// !$*UTF8*$!
{
	archiveVersion = 1;
	classes = {
	};
	objectVersion = 48;
	objects = {

/* Begin PBXBuildFile section */
		3F001DB7200E638700096FB9 /* FeedCell.swift in Sources */ = {isa = PBXBuildFile; fileRef = 3F001DB6200E638700096FB9 /* FeedCell.swift */; };
		3F20F3AD200B7C0600FE00F0 /* Food.swift in Sources */ = {isa = PBXBuildFile; fileRef = 3F20F3AC200B7C0600FE00F0 /* Food.swift */; };
		3F314C09200E8B7F0061CAF4 /* CombinationFeedCell.swift in Sources */ = {isa = PBXBuildFile; fileRef = 3F314C08200E8B7F0061CAF4 /* CombinationFeedCell.swift */; };
		3F5CAA88200EB441001C9554 /* ClassementFeedCell.swift in Sources */ = {isa = PBXBuildFile; fileRef = 3F5CAA87200EB441001C9554 /* ClassementFeedCell.swift */; };
		3F5CAA8A200EB61B001C9554 /* ClassementCell.swift in Sources */ = {isa = PBXBuildFile; fileRef = 3F5CAA89200EB61B001C9554 /* ClassementCell.swift */; };
		3F671A90200A4E49001E5F0C /* AppDelegate.swift in Sources */ = {isa = PBXBuildFile; fileRef = 3F671A8F200A4E49001E5F0C /* AppDelegate.swift */; };
		3F671A92200A4E49001E5F0C /* MainViewController.swift in Sources */ = {isa = PBXBuildFile; fileRef = 3F671A91200A4E49001E5F0C /* MainViewController.swift */; };
		3F671A95200A4E49001E5F0C /* Main.storyboard in Resources */ = {isa = PBXBuildFile; fileRef = 3F671A93200A4E49001E5F0C /* Main.storyboard */; };
		3F671A98200A4E49001E5F0C /* Test_Techinique.xcdatamodeld in Sources */ = {isa = PBXBuildFile; fileRef = 3F671A96200A4E49001E5F0C /* Test_Techinique.xcdatamodeld */; };
		3F671A9A200A4E49001E5F0C /* Assets.xcassets in Resources */ = {isa = PBXBuildFile; fileRef = 3F671A99200A4E49001E5F0C /* Assets.xcassets */; };
		3F671A9D200A4E49001E5F0C /* LaunchScreen.storyboard in Resources */ = {isa = PBXBuildFile; fileRef = 3F671A9B200A4E49001E5F0C /* LaunchScreen.storyboard */; };
		3F671AA8200A4E49001E5F0C /* Test_TechiniqueTests.swift in Sources */ = {isa = PBXBuildFile; fileRef = 3F671AA7200A4E49001E5F0C /* Test_TechiniqueTests.swift */; };
		3F671AB3200A4E49001E5F0C /* Test_TechiniqueUITests.swift in Sources */ = {isa = PBXBuildFile; fileRef = 3F671AB2200A4E49001E5F0C /* Test_TechiniqueUITests.swift */; };
		3F9E3591200A9C54002536C1 /* FoodCell.swift in Sources */ = {isa = PBXBuildFile; fileRef = 3F9E3590200A9C54002536C1 /* FoodCell.swift */; };
		3F9E3595200AB9D9002536C1 /* MenuBar.swift in Sources */ = {isa = PBXBuildFile; fileRef = 3F9E3594200AB9D9002536C1 /* MenuBar.swift */; };
		3F9E3599200ACFA3002536C1 /* MenuCell.swift in Sources */ = {isa = PBXBuildFile; fileRef = 3F9E3598200ACFA3002536C1 /* MenuCell.swift */; };
		3F9E359B200AD057002536C1 /* BaseCell.swift in Sources */ = {isa = PBXBuildFile; fileRef = 3F9E359A200AD057002536C1 /* BaseCell.swift */; };
		3FD6E3B8200E917700E3628B /* Combination.swift in Sources */ = {isa = PBXBuildFile; fileRef = 3FD6E3B7200E917700E3628B /* Combination.swift */; };
		3FD6E3BA200E9EB700E3628B /* CombinationCell.swift in Sources */ = {isa = PBXBuildFile; fileRef = 3FD6E3B9200E9EB700E3628B /* CombinationCell.swift */; };
		3FFF859A200E383D0091275E /* ImageManager.swift in Sources */ = {isa = PBXBuildFile; fileRef = 3FFF8599200E383D0091275E /* ImageManager.swift */; };
		3FFF859C200E47210091275E /* FoodManager.swift in Sources */ = {isa = PBXBuildFile; fileRef = 3FFF859B200E47210091275E /* FoodManager.swift */; };
		D88C745426E4FEA61CF5DFEF /* Pods_Test_Techinique.framework in Frameworks */ = {isa = PBXBuildFile; fileRef = A08144874D41948CF9D2DA46 /* Pods_Test_Techinique.framework */; };
/* End PBXBuildFile section */

/* Begin PBXContainerItemProxy section */
		3F671AA4200A4E49001E5F0C /* PBXContainerItemProxy */ = {
			isa = PBXContainerItemProxy;
			containerPortal = 3F671A84200A4E49001E5F0C /* Project object */;
			proxyType = 1;
			remoteGlobalIDString = 3F671A8B200A4E49001E5F0C;
			remoteInfo = Test_Techinique;
		};
		3F671AAF200A4E49001E5F0C /* PBXContainerItemProxy */ = {
			isa = PBXContainerItemProxy;
			containerPortal = 3F671A84200A4E49001E5F0C /* Project object */;
			proxyType = 1;
			remoteGlobalIDString = 3F671A8B200A4E49001E5F0C;
			remoteInfo = Test_Techinique;
		};
/* End PBXContainerItemProxy section */

/* Begin PBXFileReference section */
		365F5B7898C3049CF084F810 /* Pods-Test_Techinique.release.xcconfig */ = {isa = PBXFileReference; includeInIndex = 1; lastKnownFileType = text.xcconfig; name = "Pods-Test_Techinique.release.xcconfig"; path = "Pods/Target Support Files/Pods-Test_Techinique/Pods-Test_Techinique.release.xcconfig"; sourceTree = "<group>"; };
		3F001DB6200E638700096FB9 /* FeedCell.swift */ = {isa = PBXFileReference; lastKnownFileType = sourcecode.swift; path = FeedCell.swift; sourceTree = "<group>"; };
		3F20F3AC200B7C0600FE00F0 /* Food.swift */ = {isa = PBXFileReference; lastKnownFileType = sourcecode.swift; path = Food.swift; sourceTree = "<group>"; };
		3F314C08200E8B7F0061CAF4 /* CombinationFeedCell.swift */ = {isa = PBXFileReference; lastKnownFileType = sourcecode.swift; path = CombinationFeedCell.swift; sourceTree = "<group>"; };
		3F5CAA87200EB441001C9554 /* ClassementFeedCell.swift */ = {isa = PBXFileReference; lastKnownFileType = sourcecode.swift; path = ClassementFeedCell.swift; sourceTree = "<group>"; };
		3F5CAA89200EB61B001C9554 /* ClassementCell.swift */ = {isa = PBXFileReference; lastKnownFileType = sourcecode.swift; path = ClassementCell.swift; sourceTree = "<group>"; };
		3F671A8C200A4E49001E5F0C /* Test_Techinique.app */ = {isa = PBXFileReference; explicitFileType = wrapper.application; includeInIndex = 0; path = Test_Techinique.app; sourceTree = BUILT_PRODUCTS_DIR; };
		3F671A8F200A4E49001E5F0C /* AppDelegate.swift */ = {isa = PBXFileReference; lastKnownFileType = sourcecode.swift; path = AppDelegate.swift; sourceTree = "<group>"; };
		3F671A91200A4E49001E5F0C /* MainViewController.swift */ = {isa = PBXFileReference; lastKnownFileType = sourcecode.swift; path = MainViewController.swift; sourceTree = "<group>"; };
		3F671A94200A4E49001E5F0C /* Base */ = {isa = PBXFileReference; lastKnownFileType = file.storyboard; name = Base; path = Base.lproj/Main.storyboard; sourceTree = "<group>"; };
		3F671A97200A4E49001E5F0C /* Test_Techinique.xcdatamodel */ = {isa = PBXFileReference; lastKnownFileType = wrapper.xcdatamodel; path = Test_Techinique.xcdatamodel; sourceTree = "<group>"; };
		3F671A99200A4E49001E5F0C /* Assets.xcassets */ = {isa = PBXFileReference; lastKnownFileType = folder.assetcatalog; path = Assets.xcassets; sourceTree = "<group>"; };
		3F671A9C200A4E49001E5F0C /* Base */ = {isa = PBXFileReference; lastKnownFileType = file.storyboard; name = Base; path = Base.lproj/LaunchScreen.storyboard; sourceTree = "<group>"; };
		3F671A9E200A4E49001E5F0C /* Info.plist */ = {isa = PBXFileReference; lastKnownFileType = text.plist.xml; path = Info.plist; sourceTree = "<group>"; };
		3F671AA3200A4E49001E5F0C /* Test_TechiniqueTests.xctest */ = {isa = PBXFileReference; explicitFileType = wrapper.cfbundle; includeInIndex = 0; path = Test_TechiniqueTests.xctest; sourceTree = BUILT_PRODUCTS_DIR; };
		3F671AA7200A4E49001E5F0C /* Test_TechiniqueTests.swift */ = {isa = PBXFileReference; lastKnownFileType = sourcecode.swift; path = Test_TechiniqueTests.swift; sourceTree = "<group>"; };
		3F671AA9200A4E49001E5F0C /* Info.plist */ = {isa = PBXFileReference; lastKnownFileType = text.plist.xml; path = Info.plist; sourceTree = "<group>"; };
		3F671AAE200A4E49001E5F0C /* Test_TechiniqueUITests.xctest */ = {isa = PBXFileReference; explicitFileType = wrapper.cfbundle; includeInIndex = 0; path = Test_TechiniqueUITests.xctest; sourceTree = BUILT_PRODUCTS_DIR; };
		3F671AB2200A4E49001E5F0C /* Test_TechiniqueUITests.swift */ = {isa = PBXFileReference; lastKnownFileType = sourcecode.swift; path = Test_TechiniqueUITests.swift; sourceTree = "<group>"; };
		3F671AB4200A4E49001E5F0C /* Info.plist */ = {isa = PBXFileReference; lastKnownFileType = text.plist.xml; path = Info.plist; sourceTree = "<group>"; };
		3F9E3590200A9C54002536C1 /* FoodCell.swift */ = {isa = PBXFileReference; lastKnownFileType = sourcecode.swift; path = FoodCell.swift; sourceTree = "<group>"; };
		3F9E3594200AB9D9002536C1 /* MenuBar.swift */ = {isa = PBXFileReference; lastKnownFileType = sourcecode.swift; path = MenuBar.swift; sourceTree = "<group>"; };
		3F9E3598200ACFA3002536C1 /* MenuCell.swift */ = {isa = PBXFileReference; lastKnownFileType = sourcecode.swift; path = MenuCell.swift; sourceTree = "<group>"; };
		3F9E359A200AD057002536C1 /* BaseCell.swift */ = {isa = PBXFileReference; lastKnownFileType = sourcecode.swift; path = BaseCell.swift; sourceTree = "<group>"; };
		3FD6E3B7200E917700E3628B /* Combination.swift */ = {isa = PBXFileReference; lastKnownFileType = sourcecode.swift; path = Combination.swift; sourceTree = "<group>"; };
		3FD6E3B9200E9EB700E3628B /* CombinationCell.swift */ = {isa = PBXFileReference; lastKnownFileType = sourcecode.swift; path = CombinationCell.swift; sourceTree = "<group>"; };
		3FFF8599200E383D0091275E /* ImageManager.swift */ = {isa = PBXFileReference; lastKnownFileType = sourcecode.swift; path = ImageManager.swift; sourceTree = "<group>"; };
		3FFF859B200E47210091275E /* FoodManager.swift */ = {isa = PBXFileReference; lastKnownFileType = sourcecode.swift; path = FoodManager.swift; sourceTree = "<group>"; };
		567ACA58900B0CD3F6BCFE0B /* Pods-Test_Techinique.debug.xcconfig */ = {isa = PBXFileReference; includeInIndex = 1; lastKnownFileType = text.xcconfig; name = "Pods-Test_Techinique.debug.xcconfig"; path = "Pods/Target Support Files/Pods-Test_Techinique/Pods-Test_Techinique.debug.xcconfig"; sourceTree = "<group>"; };
		A08144874D41948CF9D2DA46 /* Pods_Test_Techinique.framework */ = {isa = PBXFileReference; explicitFileType = wrapper.framework; includeInIndex = 0; path = Pods_Test_Techinique.framework; sourceTree = BUILT_PRODUCTS_DIR; };
/* End PBXFileReference section */

/* Begin PBXFrameworksBuildPhase section */
		3F671A89200A4E49001E5F0C /* Frameworks */ = {
			isa = PBXFrameworksBuildPhase;
			buildActionMask = 2147483647;
			files = (
				D88C745426E4FEA61CF5DFEF /* Pods_Test_Techinique.framework in Frameworks */,
			);
			runOnlyForDeploymentPostprocessing = 0;
		};
		3F671AA0200A4E49001E5F0C /* Frameworks */ = {
			isa = PBXFrameworksBuildPhase;
			buildActionMask = 2147483647;
			files = (
			);
			runOnlyForDeploymentPostprocessing = 0;
		};
		3F671AAB200A4E49001E5F0C /* Frameworks */ = {
			isa = PBXFrameworksBuildPhase;
			buildActionMask = 2147483647;
			files = (
			);
			runOnlyForDeploymentPostprocessing = 0;
		};
/* End PBXFrameworksBuildPhase section */

/* Begin PBXGroup section */
		2771E7BA14FE916E9AC216A1 /* Pods */ = {
			isa = PBXGroup;
			children = (
				567ACA58900B0CD3F6BCFE0B /* Pods-Test_Techinique.debug.xcconfig */,
				365F5B7898C3049CF084F810 /* Pods-Test_Techinique.release.xcconfig */,
			);
			name = Pods;
			sourceTree = "<group>";
		};
		3F5CAA8B200EC8BC001C9554 /* Server */ = {
			isa = PBXGroup;
			children = (
				3FFF859B200E47210091275E /* FoodManager.swift */,
				3FFF8599200E383D0091275E /* ImageManager.swift */,
			);
			path = Server;
			sourceTree = "<group>";
		};
		3F671A83200A4E49001E5F0C = {
			isa = PBXGroup;
			children = (
				3F671A8E200A4E49001E5F0C /* Test_Techinique */,
				3F671AA6200A4E49001E5F0C /* Test_TechiniqueTests */,
				3F671AB1200A4E49001E5F0C /* Test_TechiniqueUITests */,
				3F671A8D200A4E49001E5F0C /* Products */,
				2771E7BA14FE916E9AC216A1 /* Pods */,
				68B3202E342A69D9E0EEA05C /* Frameworks */,
			);
			sourceTree = "<group>";
		};
		3F671A8D200A4E49001E5F0C /* Products */ = {
			isa = PBXGroup;
			children = (
				3F671A8C200A4E49001E5F0C /* Test_Techinique.app */,
				3F671AA3200A4E49001E5F0C /* Test_TechiniqueTests.xctest */,
				3F671AAE200A4E49001E5F0C /* Test_TechiniqueUITests.xctest */,
			);
			name = Products;
			sourceTree = "<group>";
		};
		3F671A8E200A4E49001E5F0C /* Test_Techinique */ = {
			isa = PBXGroup;
			children = (
				3F9E358F200A9BED002536C1 /* Model */,
				3F9E358D200A9BDB002536C1 /* View */,
				3F9E358E200A9BE4002536C1 /* Controller */,
				3F671A8F200A4E49001E5F0C /* AppDelegate.swift */,
				3F671A93200A4E49001E5F0C /* Main.storyboard */,
				3F671A99200A4E49001E5F0C /* Assets.xcassets */,
				3F671A9B200A4E49001E5F0C /* LaunchScreen.storyboard */,
				3F671A9E200A4E49001E5F0C /* Info.plist */,
				3F671A96200A4E49001E5F0C /* Test_Techinique.xcdatamodeld */,
			);
			path = Test_Techinique;
			sourceTree = "<group>";
		};
		3F671AA6200A4E49001E5F0C /* Test_TechiniqueTests */ = {
			isa = PBXGroup;
			children = (
				3F671AA7200A4E49001E5F0C /* Test_TechiniqueTests.swift */,
				3F671AA9200A4E49001E5F0C /* Info.plist */,
			);
			path = Test_TechiniqueTests;
			sourceTree = "<group>";
		};
		3F671AB1200A4E49001E5F0C /* Test_TechiniqueUITests */ = {
			isa = PBXGroup;
			children = (
				3F671AB2200A4E49001E5F0C /* Test_TechiniqueUITests.swift */,
				3F671AB4200A4E49001E5F0C /* Info.plist */,
			);
			path = Test_TechiniqueUITests;
			sourceTree = "<group>";
		};
		3F9E358D200A9BDB002536C1 /* View */ = {
			isa = PBXGroup;
			children = (
				3F9E3590200A9C54002536C1 /* FoodCell.swift */,
				3F9E3594200AB9D9002536C1 /* MenuBar.swift */,
				3F9E3598200ACFA3002536C1 /* MenuCell.swift */,
				3F9E359A200AD057002536C1 /* BaseCell.swift */,
				3F001DB6200E638700096FB9 /* FeedCell.swift */,
				3F314C08200E8B7F0061CAF4 /* CombinationFeedCell.swift */,
				3FD6E3B9200E9EB700E3628B /* CombinationCell.swift */,
				3F5CAA87200EB441001C9554 /* ClassementFeedCell.swift */,
				3F5CAA89200EB61B001C9554 /* ClassementCell.swift */,
			);
			path = View;
			sourceTree = "<group>";
		};
		3F9E358E200A9BE4002536C1 /* Controller */ = {
			isa = PBXGroup;
			children = (
				3F5CAA8B200EC8BC001C9554 /* Server */,
				3F671A91200A4E49001E5F0C /* MainViewController.swift */,
			);
			path = Controller;
			sourceTree = "<group>";
		};
		3F9E358F200A9BED002536C1 /* Model */ = {
			isa = PBXGroup;
			children = (
				3F20F3AC200B7C0600FE00F0 /* Food.swift */,
				3FD6E3B7200E917700E3628B /* Combination.swift */,
			);
			path = Model;
			sourceTree = "<group>";
		};
		68B3202E342A69D9E0EEA05C /* Frameworks */ = {
			isa = PBXGroup;
			children = (
				A08144874D41948CF9D2DA46 /* Pods_Test_Techinique.framework */,
			);
			name = Frameworks;
			sourceTree = "<group>";
		};
/* End PBXGroup section */

/* Begin PBXNativeTarget section */
		3F671A8B200A4E49001E5F0C /* Test_Techinique */ = {
			isa = PBXNativeTarget;
			buildConfigurationList = 3F671AB7200A4E49001E5F0C /* Build configuration list for PBXNativeTarget "Test_Techinique" */;
			buildPhases = (
				E72E34D5F22D55973773F668 /* [CP] Check Pods Manifest.lock */,
				3F671A88200A4E49001E5F0C /* Sources */,
				3F671A89200A4E49001E5F0C /* Frameworks */,
				3F671A8A200A4E49001E5F0C /* Resources */,
				7E28159E31F62F1A5F51A946 /* [CP] Embed Pods Frameworks */,
				4F7DD9424C6A7BDBEC2A47BA /* [CP] Copy Pods Resources */,
			);
			buildRules = (
			);
			dependencies = (
			);
			name = Test_Techinique;
			productName = Test_Techinique;
			productReference = 3F671A8C200A4E49001E5F0C /* Test_Techinique.app */;
			productType = "com.apple.product-type.application";
		};
		3F671AA2200A4E49001E5F0C /* Test_TechiniqueTests */ = {
			isa = PBXNativeTarget;
			buildConfigurationList = 3F671ABA200A4E49001E5F0C /* Build configuration list for PBXNativeTarget "Test_TechiniqueTests" */;
			buildPhases = (
				3F671A9F200A4E49001E5F0C /* Sources */,
				3F671AA0200A4E49001E5F0C /* Frameworks */,
				3F671AA1200A4E49001E5F0C /* Resources */,
			);
			buildRules = (
			);
			dependencies = (
				3F671AA5200A4E49001E5F0C /* PBXTargetDependency */,
			);
			name = Test_TechiniqueTests;
			productName = Test_TechiniqueTests;
			productReference = 3F671AA3200A4E49001E5F0C /* Test_TechiniqueTests.xctest */;
			productType = "com.apple.product-type.bundle.unit-test";
		};
		3F671AAD200A4E49001E5F0C /* Test_TechiniqueUITests */ = {
			isa = PBXNativeTarget;
			buildConfigurationList = 3F671ABD200A4E49001E5F0C /* Build configuration list for PBXNativeTarget "Test_TechiniqueUITests" */;
			buildPhases = (
				3F671AAA200A4E49001E5F0C /* Sources */,
				3F671AAB200A4E49001E5F0C /* Frameworks */,
				3F671AAC200A4E49001E5F0C /* Resources */,
			);
			buildRules = (
			);
			dependencies = (
				3F671AB0200A4E49001E5F0C /* PBXTargetDependency */,
			);
			name = Test_TechiniqueUITests;
			productName = Test_TechiniqueUITests;
			productReference = 3F671AAE200A4E49001E5F0C /* Test_TechiniqueUITests.xctest */;
			productType = "com.apple.product-type.bundle.ui-testing";
		};
/* End PBXNativeTarget section */

/* Begin PBXProject section */
		3F671A84200A4E49001E5F0C /* Project object */ = {
			isa = PBXProject;
			attributes = {
				LastSwiftUpdateCheck = 0920;
				LastUpgradeCheck = 0920;
				ORGANIZATIONNAME = "Lucas Coiado Mota";
				TargetAttributes = {
					3F671A8B200A4E49001E5F0C = {
						CreatedOnToolsVersion = 9.2;
						ProvisioningStyle = Automatic;
					};
					3F671AA2200A4E49001E5F0C = {
						CreatedOnToolsVersion = 9.2;
						ProvisioningStyle = Automatic;
						TestTargetID = 3F671A8B200A4E49001E5F0C;
					};
					3F671AAD200A4E49001E5F0C = {
						CreatedOnToolsVersion = 9.2;
						ProvisioningStyle = Automatic;
						TestTargetID = 3F671A8B200A4E49001E5F0C;
					};
				};
			};
			buildConfigurationList = 3F671A87200A4E49001E5F0C /* Build configuration list for PBXProject "Test_Techinique" */;
			compatibilityVersion = "Xcode 8.0";
			developmentRegion = en;
			hasScannedForEncodings = 0;
			knownRegions = (
				en,
				Base,
			);
			mainGroup = 3F671A83200A4E49001E5F0C;
			productRefGroup = 3F671A8D200A4E49001E5F0C /* Products */;
			projectDirPath = "";
			projectRoot = "";
			targets = (
				3F671A8B200A4E49001E5F0C /* Test_Techinique */,
				3F671AA2200A4E49001E5F0C /* Test_TechiniqueTests */,
				3F671AAD200A4E49001E5F0C /* Test_TechiniqueUITests */,
			);
		};
/* End PBXProject section */

/* Begin PBXResourcesBuildPhase section */
		3F671A8A200A4E49001E5F0C /* Resources */ = {
			isa = PBXResourcesBuildPhase;
			buildActionMask = 2147483647;
			files = (
				3F671A9D200A4E49001E5F0C /* LaunchScreen.storyboard in Resources */,
				3F671A9A200A4E49001E5F0C /* Assets.xcassets in Resources */,
				3F671A95200A4E49001E5F0C /* Main.storyboard in Resources */,
			);
			runOnlyForDeploymentPostprocessing = 0;
		};
		3F671AA1200A4E49001E5F0C /* Resources */ = {
			isa = PBXResourcesBuildPhase;
			buildActionMask = 2147483647;
			files = (
			);
			runOnlyForDeploymentPostprocessing = 0;
		};
		3F671AAC200A4E49001E5F0C /* Resources */ = {
			isa = PBXResourcesBuildPhase;
			buildActionMask = 2147483647;
			files = (
			);
			runOnlyForDeploymentPostprocessing = 0;
		};
/* End PBXResourcesBuildPhase section */

/* Begin PBXShellScriptBuildPhase section */
		4F7DD9424C6A7BDBEC2A47BA /* [CP] Copy Pods Resources */ = {
			isa = PBXShellScriptBuildPhase;
			buildActionMask = 2147483647;
			files = (
			);
			inputPaths = (
			);
			name = "[CP] Copy Pods Resources";
			outputPaths = (
			);
			runOnlyForDeploymentPostprocessing = 0;
			shellPath = /bin/sh;
			shellScript = "\"${SRCROOT}/Pods/Target Support Files/Pods-Test_Techinique/Pods-Test_Techinique-resources.sh\"\n";
			showEnvVarsInLog = 0;
		};
		7E28159E31F62F1A5F51A946 /* [CP] Embed Pods Frameworks */ = {
			isa = PBXShellScriptBuildPhase;
			buildActionMask = 2147483647;
			files = (
			);
			inputPaths = (
				"${SRCROOT}/Pods/Target Support Files/Pods-Test_Techinique/Pods-Test_Techinique-frameworks.sh",
				"${BUILT_PRODUCTS_DIR}/Alamofire/Alamofire.framework",
				"${BUILT_PRODUCTS_DIR}/AlamofireImage/AlamofireImage.framework",
			);
			name = "[CP] Embed Pods Frameworks";
			outputPaths = (
				"${TARGET_BUILD_DIR}/${FRAMEWORKS_FOLDER_PATH}/Alamofire.framework",
				"${TARGET_BUILD_DIR}/${FRAMEWORKS_FOLDER_PATH}/AlamofireImage.framework",
			);
			runOnlyForDeploymentPostprocessing = 0;
			shellPath = /bin/sh;
			shellScript = "\"${SRCROOT}/Pods/Target Support Files/Pods-Test_Techinique/Pods-Test_Techinique-frameworks.sh\"\n";
			showEnvVarsInLog = 0;
		};
		E72E34D5F22D55973773F668 /* [CP] Check Pods Manifest.lock */ = {
			isa = PBXShellScriptBuildPhase;
			buildActionMask = 2147483647;
			files = (
			);
			inputPaths = (
				"${PODS_PODFILE_DIR_PATH}/Podfile.lock",
				"${PODS_ROOT}/Manifest.lock",
			);
			name = "[CP] Check Pods Manifest.lock";
			outputPaths = (
				"$(DERIVED_FILE_DIR)/Pods-Test_Techinique-checkManifestLockResult.txt",
			);
			runOnlyForDeploymentPostprocessing = 0;
			shellPath = /bin/sh;
			shellScript = "diff \"${PODS_PODFILE_DIR_PATH}/Podfile.lock\" \"${PODS_ROOT}/Manifest.lock\" > /dev/null\nif [ $? != 0 ] ; then\n    # print error to STDERR\n    echo \"error: The sandbox is not in sync with the Podfile.lock. Run 'pod install' or update your CocoaPods installation.\" >&2\n    exit 1\nfi\n# This output is used by Xcode 'outputs' to avoid re-running this script phase.\necho \"SUCCESS\" > \"${SCRIPT_OUTPUT_FILE_0}\"\n";
			showEnvVarsInLog = 0;
		};
/* End PBXShellScriptBuildPhase section */

/* Begin PBXSourcesBuildPhase section */
		3F671A88200A4E49001E5F0C /* Sources */ = {
			isa = PBXSourcesBuildPhase;
			buildActionMask = 2147483647;
			files = (
				3F671A92200A4E49001E5F0C /* MainViewController.swift in Sources */,
				3FFF859C200E47210091275E /* FoodManager.swift in Sources */,
				3F9E3591200A9C54002536C1 /* FoodCell.swift in Sources */,
				3F314C09200E8B7F0061CAF4 /* CombinationFeedCell.swift in Sources */,
				3FFF859A200E383D0091275E /* ImageManager.swift in Sources */,
				3F001DB7200E638700096FB9 /* FeedCell.swift in Sources */,
				3F9E3599200ACFA3002536C1 /* MenuCell.swift in Sources */,
				3FD6E3BA200E9EB700E3628B /* CombinationCell.swift in Sources */,
				3F671A98200A4E49001E5F0C /* Test_Techinique.xcdatamodeld in Sources */,
				3F9E359B200AD057002536C1 /* BaseCell.swift in Sources */,
				3F20F3AD200B7C0600FE00F0 /* Food.swift in Sources */,
				3F5CAA88200EB441001C9554 /* ClassementFeedCell.swift in Sources */,
				3FD6E3B8200E917700E3628B /* Combination.swift in Sources */,
				3F9E3595200AB9D9002536C1 /* MenuBar.swift in Sources */,
				3F5CAA8A200EB61B001C9554 /* ClassementCell.swift in Sources */,
				3F671A90200A4E49001E5F0C /* AppDelegate.swift in Sources */,
			);
			runOnlyForDeploymentPostprocessing = 0;
		};
		3F671A9F200A4E49001E5F0C /* Sources */ = {
			isa = PBXSourcesBuildPhase;
			buildActionMask = 2147483647;
			files = (
				3F671AA8200A4E49001E5F0C /* Test_TechiniqueTests.swift in Sources */,
			);
			runOnlyForDeploymentPostprocessing = 0;
		};
		3F671AAA200A4E49001E5F0C /* Sources */ = {
			isa = PBXSourcesBuildPhase;
			buildActionMask = 2147483647;
			files = (
				3F671AB3200A4E49001E5F0C /* Test_TechiniqueUITests.swift in Sources */,
			);
			runOnlyForDeploymentPostprocessing = 0;
		};
/* End PBXSourcesBuildPhase section */

/* Begin PBXTargetDependency section */
		3F671AA5200A4E49001E5F0C /* PBXTargetDependency */ = {
			isa = PBXTargetDependency;
			target = 3F671A8B200A4E49001E5F0C /* Test_Techinique */;
			targetProxy = 3F671AA4200A4E49001E5F0C /* PBXContainerItemProxy */;
		};
		3F671AB0200A4E49001E5F0C /* PBXTargetDependency */ = {
			isa = PBXTargetDependency;
			target = 3F671A8B200A4E49001E5F0C /* Test_Techinique */;
			targetProxy = 3F671AAF200A4E49001E5F0C /* PBXContainerItemProxy */;
		};
/* End PBXTargetDependency section */

/* Begin PBXVariantGroup section */
		3F671A93200A4E49001E5F0C /* Main.storyboard */ = {
			isa = PBXVariantGroup;
			children = (
				3F671A94200A4E49001E5F0C /* Base */,
			);
			name = Main.storyboard;
			sourceTree = "<group>";
		};
		3F671A9B200A4E49001E5F0C /* LaunchScreen.storyboard */ = {
			isa = PBXVariantGroup;
			children = (
				3F671A9C200A4E49001E5F0C /* Base */,
			);
			name = LaunchScreen.storyboard;
			sourceTree = "<group>";
		};
/* End PBXVariantGroup section */

/* Begin XCBuildConfiguration section */
		3F671AB5200A4E49001E5F0C /* Debug */ = {
			isa = XCBuildConfiguration;
			buildSettings = {
				ALWAYS_SEARCH_USER_PATHS = NO;
				CLANG_ANALYZER_NONNULL = YES;
				CLANG_ANALYZER_NUMBER_OBJECT_CONVERSION = YES_AGGRESSIVE;
				CLANG_CXX_LANGUAGE_STANDARD = "gnu++14";
				CLANG_CXX_LIBRARY = "libc++";
				CLANG_ENABLE_MODULES = YES;
				CLANG_ENABLE_OBJC_ARC = YES;
				CLANG_WARN_BLOCK_CAPTURE_AUTORELEASING = YES;
				CLANG_WARN_BOOL_CONVERSION = YES;
				CLANG_WARN_COMMA = YES;
				CLANG_WARN_CONSTANT_CONVERSION = YES;
				CLANG_WARN_DIRECT_OBJC_ISA_USAGE = YES_ERROR;
				CLANG_WARN_DOCUMENTATION_COMMENTS = YES;
				CLANG_WARN_EMPTY_BODY = YES;
				CLANG_WARN_ENUM_CONVERSION = YES;
				CLANG_WARN_INFINITE_RECURSION = YES;
				CLANG_WARN_INT_CONVERSION = YES;
				CLANG_WARN_NON_LITERAL_NULL_CONVERSION = YES;
				CLANG_WARN_OBJC_LITERAL_CONVERSION = YES;
				CLANG_WARN_OBJC_ROOT_CLASS = YES_ERROR;
				CLANG_WARN_RANGE_LOOP_ANALYSIS = YES;
				CLANG_WARN_STRICT_PROTOTYPES = YES;
				CLANG_WARN_SUSPICIOUS_MOVE = YES;
				CLANG_WARN_UNGUARDED_AVAILABILITY = YES_AGGRESSIVE;
				CLANG_WARN_UNREACHABLE_CODE = YES;
				CLANG_WARN__DUPLICATE_METHOD_MATCH = YES;
				CODE_SIGN_IDENTITY = "iPhone Developer";
				COPY_PHASE_STRIP = NO;
				DEBUG_INFORMATION_FORMAT = dwarf;
				ENABLE_STRICT_OBJC_MSGSEND = YES;
				ENABLE_TESTABILITY = YES;
				GCC_C_LANGUAGE_STANDARD = gnu11;
				GCC_DYNAMIC_NO_PIC = NO;
				GCC_NO_COMMON_BLOCKS = YES;
				GCC_OPTIMIZATION_LEVEL = 0;
				GCC_PREPROCESSOR_DEFINITIONS = (
					"DEBUG=1",
					"$(inherited)",
				);
				GCC_WARN_64_TO_32_BIT_CONVERSION = YES;
				GCC_WARN_ABOUT_RETURN_TYPE = YES_ERROR;
				GCC_WARN_UNDECLARED_SELECTOR = YES;
				GCC_WARN_UNINITIALIZED_AUTOS = YES_AGGRESSIVE;
				GCC_WARN_UNUSED_FUNCTION = YES;
				GCC_WARN_UNUSED_VARIABLE = YES;
				IPHONEOS_DEPLOYMENT_TARGET = 11.2;
				MTL_ENABLE_DEBUG_INFO = YES;
				ONLY_ACTIVE_ARCH = YES;
				SDKROOT = iphoneos;
				SWIFT_ACTIVE_COMPILATION_CONDITIONS = DEBUG;
				SWIFT_OPTIMIZATION_LEVEL = "-Onone";
			};
			name = Debug;
		};
		3F671AB6200A4E49001E5F0C /* Release */ = {
			isa = XCBuildConfiguration;
			buildSettings = {
				ALWAYS_SEARCH_USER_PATHS = NO;
				CLANG_ANALYZER_NONNULL = YES;
				CLANG_ANALYZER_NUMBER_OBJECT_CONVERSION = YES_AGGRESSIVE;
				CLANG_CXX_LANGUAGE_STANDARD = "gnu++14";
				CLANG_CXX_LIBRARY = "libc++";
				CLANG_ENABLE_MODULES = YES;
				CLANG_ENABLE_OBJC_ARC = YES;
				CLANG_WARN_BLOCK_CAPTURE_AUTORELEASING = YES;
				CLANG_WARN_BOOL_CONVERSION = YES;
				CLANG_WARN_COMMA = YES;
				CLANG_WARN_CONSTANT_CONVERSION = YES;
				CLANG_WARN_DIRECT_OBJC_ISA_USAGE = YES_ERROR;
				CLANG_WARN_DOCUMENTATION_COMMENTS = YES;
				CLANG_WARN_EMPTY_BODY = YES;
				CLANG_WARN_ENUM_CONVERSION = YES;
				CLANG_WARN_INFINITE_RECURSION = YES;
				CLANG_WARN_INT_CONVERSION = YES;
				CLANG_WARN_NON_LITERAL_NULL_CONVERSION = YES;
				CLANG_WARN_OBJC_LITERAL_CONVERSION = YES;
				CLANG_WARN_OBJC_ROOT_CLASS = YES_ERROR;
				CLANG_WARN_RANGE_LOOP_ANALYSIS = YES;
				CLANG_WARN_STRICT_PROTOTYPES = YES;
				CLANG_WARN_SUSPICIOUS_MOVE = YES;
				CLANG_WARN_UNGUARDED_AVAILABILITY = YES_AGGRESSIVE;
				CLANG_WARN_UNREACHABLE_CODE = YES;
				CLANG_WARN__DUPLICATE_METHOD_MATCH = YES;
				CODE_SIGN_IDENTITY = "iPhone Developer";
				COPY_PHASE_STRIP = NO;
				DEBUG_INFORMATION_FORMAT = "dwarf-with-dsym";
				ENABLE_NS_ASSERTIONS = NO;
				ENABLE_STRICT_OBJC_MSGSEND = YES;
				GCC_C_LANGUAGE_STANDARD = gnu11;
				GCC_NO_COMMON_BLOCKS = YES;
				GCC_WARN_64_TO_32_BIT_CONVERSION = YES;
				GCC_WARN_ABOUT_RETURN_TYPE = YES_ERROR;
				GCC_WARN_UNDECLARED_SELECTOR = YES;
				GCC_WARN_UNINITIALIZED_AUTOS = YES_AGGRESSIVE;
				GCC_WARN_UNUSED_FUNCTION = YES;
				GCC_WARN_UNUSED_VARIABLE = YES;
				IPHONEOS_DEPLOYMENT_TARGET = 11.2;
				MTL_ENABLE_DEBUG_INFO = NO;
				SDKROOT = iphoneos;
				SWIFT_OPTIMIZATION_LEVEL = "-Owholemodule";
				VALIDATE_PRODUCT = YES;
			};
			name = Release;
		};
		3F671AB8200A4E49001E5F0C /* Debug */ = {
			isa = XCBuildConfiguration;
			baseConfigurationReference = 567ACA58900B0CD3F6BCFE0B /* Pods-Test_Techinique.debug.xcconfig */;
			buildSettings = {
				ASSETCATALOG_COMPILER_APPICON_NAME = AppIcon;
				CODE_SIGN_STYLE = Automatic;
				DEVELOPMENT_TEAM = AZAF32L5F6;
				INFOPLIST_FILE = Test_Techinique/Info.plist;
				LD_RUNPATH_SEARCH_PATHS = "$(inherited) @executable_path/Frameworks";
				PRODUCT_BUNDLE_IDENTIFIER = "org.lucas.Test-Techinique";
				PRODUCT_NAME = "$(TARGET_NAME)";
				SWIFT_VERSION = 4.0;
				TARGETED_DEVICE_FAMILY = "1,2";
			};
			name = Debug;
		};
		3F671AB9200A4E49001E5F0C /* Release */ = {
			isa = XCBuildConfiguration;
			baseConfigurationReference = 365F5B7898C3049CF084F810 /* Pods-Test_Techinique.release.xcconfig */;
			buildSettings = {
				ASSETCATALOG_COMPILER_APPICON_NAME = AppIcon;
				CODE_SIGN_STYLE = Automatic;
				DEVELOPMENT_TEAM = AZAF32L5F6;
				INFOPLIST_FILE = Test_Techinique/Info.plist;
				LD_RUNPATH_SEARCH_PATHS = "$(inherited) @executable_path/Frameworks";
				PRODUCT_BUNDLE_IDENTIFIER = "org.lucas.Test-Techinique";
				PRODUCT_NAME = "$(TARGET_NAME)";
				SWIFT_VERSION = 4.0;
				TARGETED_DEVICE_FAMILY = "1,2";
			};
			name = Release;
		};
		3F671ABB200A4E49001E5F0C /* Debug */ = {
			isa = XCBuildConfiguration;
			buildSettings = {
				ALWAYS_EMBED_SWIFT_STANDARD_LIBRARIES = YES;
				BUNDLE_LOADER = "$(TEST_HOST)";
				CODE_SIGN_STYLE = Automatic;
				DEVELOPMENT_TEAM = AZAF32L5F6;
				INFOPLIST_FILE = Test_TechiniqueTests/Info.plist;
				LD_RUNPATH_SEARCH_PATHS = "$(inherited) @executable_path/Frameworks @loader_path/Frameworks";
				PRODUCT_BUNDLE_IDENTIFIER = "org.lucas.Test-TechiniqueTests";
				PRODUCT_NAME = "$(TARGET_NAME)";
				SWIFT_VERSION = 4.0;
				TARGETED_DEVICE_FAMILY = "1,2";
				TEST_HOST = "$(BUILT_PRODUCTS_DIR)/Test_Techinique.app/Test_Techinique";
			};
			name = Debug;
		};
		3F671ABC200A4E49001E5F0C /* Release */ = {
			isa = XCBuildConfiguration;
			buildSettings = {
				ALWAYS_EMBED_SWIFT_STANDARD_LIBRARIES = YES;
				BUNDLE_LOADER = "$(TEST_HOST)";
				CODE_SIGN_STYLE = Automatic;
				DEVELOPMENT_TEAM = AZAF32L5F6;
				INFOPLIST_FILE = Test_TechiniqueTests/Info.plist;
				LD_RUNPATH_SEARCH_PATHS = "$(inherited) @executable_path/Frameworks @loader_path/Frameworks";
				PRODUCT_BUNDLE_IDENTIFIER = "org.lucas.Test-TechiniqueTests";
				PRODUCT_NAME = "$(TARGET_NAME)";
				SWIFT_VERSION = 4.0;
				TARGETED_DEVICE_FAMILY = "1,2";
				TEST_HOST = "$(BUILT_PRODUCTS_DIR)/Test_Techinique.app/Test_Techinique";
			};
			name = Release;
		};
		3F671ABE200A4E49001E5F0C /* Debug */ = {
			isa = XCBuildConfiguration;
			buildSettings = {
				ALWAYS_EMBED_SWIFT_STANDARD_LIBRARIES = YES;
				CODE_SIGN_STYLE = Automatic;
				DEVELOPMENT_TEAM = AZAF32L5F6;
				INFOPLIST_FILE = Test_TechiniqueUITests/Info.plist;
				LD_RUNPATH_SEARCH_PATHS = "$(inherited) @executable_path/Frameworks @loader_path/Frameworks";
				PRODUCT_BUNDLE_IDENTIFIER = "org.lucas.Test-TechiniqueUITests";
				PRODUCT_NAME = "$(TARGET_NAME)";
				SWIFT_VERSION = 4.0;
				TARGETED_DEVICE_FAMILY = "1,2";
				TEST_TARGET_NAME = Test_Techinique;
			};
			name = Debug;
		};
		3F671ABF200A4E49001E5F0C /* Release */ = {
			isa = XCBuildConfiguration;
			buildSettings = {
				ALWAYS_EMBED_SWIFT_STANDARD_LIBRARIES = YES;
				CODE_SIGN_STYLE = Automatic;
				DEVELOPMENT_TEAM = AZAF32L5F6;
				INFOPLIST_FILE = Test_TechiniqueUITests/Info.plist;
				LD_RUNPATH_SEARCH_PATHS = "$(inherited) @executable_path/Frameworks @loader_path/Frameworks";
				PRODUCT_BUNDLE_IDENTIFIER = "org.lucas.Test-TechiniqueUITests";
				PRODUCT_NAME = "$(TARGET_NAME)";
				SWIFT_VERSION = 4.0;
				TARGETED_DEVICE_FAMILY = "1,2";
				TEST_TARGET_NAME = Test_Techinique;
			};
			name = Release;
		};
/* End XCBuildConfiguration section */

/* Begin XCConfigurationList section */
		3F671A87200A4E49001E5F0C /* Build configuration list for PBXProject "Test_Techinique" */ = {
			isa = XCConfigurationList;
			buildConfigurations = (
				3F671AB5200A4E49001E5F0C /* Debug */,
				3F671AB6200A4E49001E5F0C /* Release */,
			);
			defaultConfigurationIsVisible = 0;
			defaultConfigurationName = Release;
		};
		3F671AB7200A4E49001E5F0C /* Build configuration list for PBXNativeTarget "Test_Techinique" */ = {
			isa = XCConfigurationList;
			buildConfigurations = (
				3F671AB8200A4E49001E5F0C /* Debug */,
				3F671AB9200A4E49001E5F0C /* Release */,
			);
			defaultConfigurationIsVisible = 0;
			defaultConfigurationName = Release;
		};
		3F671ABA200A4E49001E5F0C /* Build configuration list for PBXNativeTarget "Test_TechiniqueTests" */ = {
			isa = XCConfigurationList;
			buildConfigurations = (
				3F671ABB200A4E49001E5F0C /* Debug */,
				3F671ABC200A4E49001E5F0C /* Release */,
			);
			defaultConfigurationIsVisible = 0;
			defaultConfigurationName = Release;
		};
		3F671ABD200A4E49001E5F0C /* Build configuration list for PBXNativeTarget "Test_TechiniqueUITests" */ = {
			isa = XCConfigurationList;
			buildConfigurations = (
				3F671ABE200A4E49001E5F0C /* Debug */,
				3F671ABF200A4E49001E5F0C /* Release */,
			);
			defaultConfigurationIsVisible = 0;
			defaultConfigurationName = Release;
		};
/* End XCConfigurationList section */

/* Begin XCVersionGroup section */
		3F671A96200A4E49001E5F0C /* Test_Techinique.xcdatamodeld */ = {
			isa = XCVersionGroup;
			children = (
				3F671A97200A4E49001E5F0C /* Test_Techinique.xcdatamodel */,
			);
			currentVersion = 3F671A97200A4E49001E5F0C /* Test_Techinique.xcdatamodel */;
			path = Test_Techinique.xcdatamodeld;
			sourceTree = "<group>";
			versionGroupType = wrapper.xcdatamodel;
		};
/* End XCVersionGroup section */
	};
	rootObject = 3F671A84200A4E49001E5F0C /* Project object */;
}
