// !$*UTF8*$!
{
	archiveVersion = 1;
	classes = {
	};
	objectVersion = 48;
	objects = {

/* Begin PBXBuildFile section */
		3F671A90200A4E49001E5F0C /* AppDelegate.swift in Sources */ = {isa = PBXBuildFile; fileRef = 3F671A8F200A4E49001E5F0C /* AppDelegate.swift */; };
		3F671A92200A4E49001E5F0C /* ViewController.swift in Sources */ = {isa = PBXBuildFile; fileRef = 3F671A91200A4E49001E5F0C /* ViewController.swift */; };
		3F671A95200A4E49001E5F0C /* Main.storyboard in Resources */ = {isa = PBXBuildFile; fileRef = 3F671A93200A4E49001E5F0C /* Main.storyboard */; };
		3F671A98200A4E49001E5F0C /* Test_Techinique.xcdatamodeld in Sources */ = {isa = PBXBuildFile; fileRef = 3F671A96200A4E49001E5F0C /* Test_Techinique.xcdatamodeld */; };
		3F671A9A200A4E49001E5F0C /* Assets.xcassets in Resources */ = {isa = PBXBuildFile; fileRef = 3F671A99200A4E49001E5F0C /* Assets.xcassets */; };
		3F671A9D200A4E49001E5F0C /* LaunchScreen.storyboard in Resources */ = {isa = PBXBuildFile; fileRef = 3F671A9B200A4E49001E5F0C /* LaunchScreen.storyboard */; };
		3F671AA8200A4E49001E5F0C /* Test_TechiniqueTests.swift in Sources */ = {isa = PBXBuildFile; fileRef = 3F671AA7200A4E49001E5F0C /* Test_TechiniqueTests.swift */; };
		3F671AB3200A4E49001E5F0C /* Test_TechiniqueUITests.swift in Sources */ = {isa = PBXBuildFile; fileRef = 3F671AB2200A4E49001E5F0C /* Test_TechiniqueUITests.swift */; };
/* End PBXBuildFile section */

/* Begin PBXContainerItemProxy section */
		3F671AA4200A4E49001E5F0C /* PBXContainerItemProxy */ = {
			isa = PBXContainerItemProxy;
			containerPortal = 3F671A84200A4E49001E5F0C /* Project object */;
			proxyType = 1;
			remoteGlobalIDString = 3F671A8B200A4E49001E5F0C;
			remoteInfo = Test_Techinique;
		};
		3F671AAF200A4E49001E5F0C /* PBXContainerItemProxy */ = {
			isa = PBXContainerItemProxy;
			containerPortal = 3F671A84200A4E49001E5F0C /* Project object */;
			proxyType = 1;
			remoteGlobalIDString = 3F671A8B200A4E49001E5F0C;
			remoteInfo = Test_Techinique;
		};
/* End PBXContainerItemProxy section */

/* Begin PBXFileReference section */
		3F671A8C200A4E49001E5F0C /* Test_Techinique.app */ = {isa = PBXFileReference; explicitFileType = wrapper.application; includeInIndex = 0; path = Test_Techinique.app; sourceTree = BUILT_PRODUCTS_DIR; };
		3F671A8F200A4E49001E5F0C /* AppDelegate.swift */ = {isa = PBXFileReference; lastKnownFileType = sourcecode.swift; path = AppDelegate.swift; sourceTree = "<group>"; };
		3F671A91200A4E49001E5F0C /* ViewController.swift */ = {isa = PBXFileReference; lastKnownFileType = sourcecode.swift; path = ViewController.swift; sourceTree = "<group>"; };
		3F671A94200A4E49001E5F0C /* Base */ = {isa = PBXFileReference; lastKnownFileType = file.storyboard; name = Base; path = Base.lproj/Main.storyboard; sourceTree = "<group>"; };
		3F671A97200A4E49001E5F0C /* Test_Techinique.xcdatamodel */ = {isa = PBXFileReference; lastKnownFileType = wrapper.xcdatamodel; path = Test_Techinique.xcdatamodel; sourceTree = "<group>"; };
		3F671A99200A4E49001E5F0C /* Assets.xcassets */ = {isa = PBXFileReference; lastKnownFileType = folder.assetcatalog; path = Assets.xcassets; sourceTree = "<group>"; };
		3F671A9C200A4E49001E5F0C /* Base */ = {isa = PBXFileReference; lastKnownFileType = file.storyboard; name = Base; path = Base.lproj/LaunchScreen.storyboard; sourceTree = "<group>"; };
		3F671A9E200A4E49001E5F0C /* Info.plist */ = {isa = PBXFileReference; lastKnownFileType = text.plist.xml; path = Info.plist; sourceTree = "<group>"; };
		3F671AA3200A4E49001E5F0C /* Test_TechiniqueTests.xctest */ = {isa = PBXFileReference; explicitFileType = wrapper.cfbundle; includeInIndex = 0; path = Test_TechiniqueTests.xctest; sourceTree = BUILT_PRODUCTS_DIR; };
		3F671AA7200A4E49001E5F0C /* Test_TechiniqueTests.swift */ = {isa = PBXFileReference; lastKnownFileType = sourcecode.swift; path = Test_TechiniqueTests.swift; sourceTree = "<group>"; };
		3F671AA9200A4E49001E5F0C /* Info.plist */ = {isa = PBXFileReference; lastKnownFileType = text.plist.xml; path = Info.plist; sourceTree = "<group>"; };
		3F671AAE200A4E49001E5F0C /* Test_TechiniqueUITests.xctest */ = {isa = PBXFileReference; explicitFileType = wrapper.cfbundle; includeInIndex = 0; path = Test_TechiniqueUITests.xctest; sourceTree = BUILT_PRODUCTS_DIR; };
		3F671AB2200A4E49001E5F0C /* Test_TechiniqueUITests.swift */ = {isa = PBXFileReference; lastKnownFileType = sourcecode.swift; path = Test_TechiniqueUITests.swift; sourceTree = "<group>"; };
		3F671AB4200A4E49001E5F0C /* Info.plist */ = {isa = PBXFileReference; lastKnownFileType = text.plist.xml; path = Info.plist; sourceTree = "<group>"; };
/* End PBXFileReference section */

/* Begin PBXFrameworksBuildPhase section */
		3F671A89200A4E49001E5F0C /* Frameworks */ = {
			isa = PBXFrameworksBuildPhase;
			buildActionMask = 2147483647;
			files = (
			);
			runOnlyForDeploymentPostprocessing = 0;
		};
		3F671AA0200A4E49001E5F0C /* Frameworks */ = {
			isa = PBXFrameworksBuildPhase;
			buildActionMask = 2147483647;
			files = (
			);
			runOnlyForDeploymentPostprocessing = 0;
		};
		3F671AAB200A4E49001E5F0C /* Frameworks */ = {
			isa = PBXFrameworksBuildPhase;
			buildActionMask = 2147483647;
			files = (
			);
			runOnlyForDeploymentPostprocessing = 0;
		};
/* End PBXFrameworksBuildPhase section */

/* Begin PBXGroup section */
		3F671A83200A4E49001E5F0C = {
			isa = PBXGroup;
			children = (
				3F671A8E200A4E49001E5F0C /* Test_Techinique */,
				3F671AA6200A4E49001E5F0C /* Test_TechiniqueTests */,
				3F671AB1200A4E49001E5F0C /* Test_TechiniqueUITests */,
				3F671A8D200A4E49001E5F0C /* Products */,
			);
			sourceTree = "<group>";
		};
		3F671A8D200A4E49001E5F0C /* Products */ = {
			isa = PBXGroup;
			children = (
				3F671A8C200A4E49001E5F0C /* Test_Techinique.app */,
				3F671AA3200A4E49001E5F0C /* Test_TechiniqueTests.xctest */,
				3F671AAE200A4E49001E5F0C /* Test_TechiniqueUITests.xctest */,
			);
			name = Products;
			sourceTree = "<group>";
		};
		3F671A8E200A4E49001E5F0C /* Test_Techinique */ = {
			isa = PBXGroup;
			children = (
				3F671A8F200A4E49001E5F0C /* AppDelegate.swift */,
				3F671A91200A4E49001E5F0C /* ViewController.swift */,
				3F671A93200A4E49001E5F0C /* Main.storyboard */,
				3F671A99200A4E49001E5F0C /* Assets.xcassets */,
				3F671A9B200A4E49001E5F0C /* LaunchScreen.storyboard */,
				3F671A9E200A4E49001E5F0C /* Info.plist */,
				3F671A96200A4E49001E5F0C /* Test_Techinique.xcdatamodeld */,
			);
			path = Test_Techinique;
			sourceTree = "<group>";
		};
		3F671AA6200A4E49001E5F0C /* Test_TechiniqueTests */ = {
			isa = PBXGroup;
			children = (
				3F671AA7200A4E49001E5F0C /* Test_TechiniqueTests.swift */,
				3F671AA9200A4E49001E5F0C /* Info.plist */,
			);
			path = Test_TechiniqueTests;
			sourceTree = "<group>";
		};
		3F671AB1200A4E49001E5F0C /* Test_TechiniqueUITests */ = {
			isa = PBXGroup;
			children = (
				3F671AB2200A4E49001E5F0C /* Test_TechiniqueUITests.swift */,
				3F671AB4200A4E49001E5F0C /* Info.plist */,
			);
			path = Test_TechiniqueUITests;
			sourceTree = "<group>";
		};
/* End PBXGroup section */

/* Begin PBXNativeTarget section */
		3F671A8B200A4E49001E5F0C /* Test_Techinique */ = {
			isa = PBXNativeTarget;
			buildConfigurationList = 3F671AB7200A4E49001E5F0C /* Build configuration list for PBXNativeTarget "Test_Techinique" */;
			buildPhases = (
				3F671A88200A4E49001E5F0C /* Sources */,
				3F671A89200A4E49001E5F0C /* Frameworks */,
				3F671A8A200A4E49001E5F0C /* Resources */,
			);
			buildRules = (
			);
			dependencies = (
			);
			name = Test_Techinique;
			productName = Test_Techinique;
			productReference = 3F671A8C200A4E49001E5F0C /* Test_Techinique.app */;
			productType = "com.apple.product-type.application";
		};
		3F671AA2200A4E49001E5F0C /* Test_TechiniqueTests */ = {
			isa = PBXNativeTarget;
			buildConfigurationList = 3F671ABA200A4E49001E5F0C /* Build configuration list for PBXNativeTarget "Test_TechiniqueTests" */;
			buildPhases = (
				3F671A9F200A4E49001E5F0C /* Sources */,
				3F671AA0200A4E49001E5F0C /* Frameworks */,
				3F671AA1200A4E49001E5F0C /* Resources */,
			);
			buildRules = (
			);
			dependencies = (
				3F671AA5200A4E49001E5F0C /* PBXTargetDependency */,
			);
			name = Test_TechiniqueTests;
			productName = Test_TechiniqueTests;
			productReference = 3F671AA3200A4E49001E5F0C /* Test_TechiniqueTests.xctest */;
			productType = "com.apple.product-type.bundle.unit-test";
		};
		3F671AAD200A4E49001E5F0C /* Test_TechiniqueUITests */ = {
			isa = PBXNativeTarget;
			buildConfigurationList = 3F671ABD200A4E49001E5F0C /* Build configuration list for PBXNativeTarget "Test_TechiniqueUITests" */;
			buildPhases = (
				3F671AAA200A4E49001E5F0C /* Sources */,
				3F671AAB200A4E49001E5F0C /* Frameworks */,
				3F671AAC200A4E49001E5F0C /* Resources */,
			);
			buildRules = (
			);
			dependencies = (
				3F671AB0200A4E49001E5F0C /* PBXTargetDependency */,
			);
			name = Test_TechiniqueUITests;
			productName = Test_TechiniqueUITests;
			productReference = 3F671AAE200A4E49001E5F0C /* Test_TechiniqueUITests.xctest */;
			productType = "com.apple.product-type.bundle.ui-testing";
		};
/* End PBXNativeTarget section */

/* Begin PBXProject section */
		3F671A84200A4E49001E5F0C /* Project object */ = {
			isa = PBXProject;
			attributes = {
				LastSwiftUpdateCheck = 0920;
				LastUpgradeCheck = 0920;
				ORGANIZATIONNAME = "Lucas Coiado Mota";
				TargetAttributes = {
					3F671A8B200A4E49001E5F0C = {
						CreatedOnToolsVersion = 9.2;
						ProvisioningStyle = Automatic;
					};
					3F671AA2200A4E49001E5F0C = {
						CreatedOnToolsVersion = 9.2;
						ProvisioningStyle = Automatic;
						TestTargetID = 3F671A8B200A4E49001E5F0C;
					};
					3F671AAD200A4E49001E5F0C = {
						CreatedOnToolsVersion = 9.2;
						ProvisioningStyle = Automatic;
						TestTargetID = 3F671A8B200A4E49001E5F0C;
					};
				};
			};
			buildConfigurationList = 3F671A87200A4E49001E5F0C /* Build configuration list for PBXProject "Test_Techinique" */;
			compatibilityVersion = "Xcode 8.0";
			developmentRegion = en;
			hasScannedForEncodings = 0;
			knownRegions = (
				en,
				Base,
			);
			mainGroup = 3F671A83200A4E49001E5F0C;
			productRefGroup = 3F671A8D200A4E49001E5F0C /* Products */;
			projectDirPath = "";
			projectRoot = "";
			targets = (
				3F671A8B200A4E49001E5F0C /* Test_Techinique */,
				3F671AA2200A4E49001E5F0C /* Test_TechiniqueTests */,
				3F671AAD200A4E49001E5F0C /* Test_TechiniqueUITests */,
			);
		};
/* End PBXProject section */

/* Begin PBXResourcesBuildPhase section */
		3F671A8A200A4E49001E5F0C /* Resources */ = {
			isa = PBXResourcesBuildPhase;
			buildActionMask = 2147483647;
			files = (
				3F671A9D200A4E49001E5F0C /* LaunchScreen.storyboard in Resources */,
				3F671A9A200A4E49001E5F0C /* Assets.xcassets in Resources */,
				3F671A95200A4E49001E5F0C /* Main.storyboard in Resources */,
			);
			runOnlyForDeploymentPostprocessing = 0;
		};
		3F671AA1200A4E49001E5F0C /* Resources */ = {
			isa = PBXResourcesBuildPhase;
			buildActionMask = 2147483647;
			files = (
			);
			runOnlyForDeploymentPostprocessing = 0;
		};
		3F671AAC200A4E49001E5F0C /* Resources */ = {
			isa = PBXResourcesBuildPhase;
			buildActionMask = 2147483647;
			files = (
			);
			runOnlyForDeploymentPostprocessing = 0;
		};
/* End PBXResourcesBuildPhase section */

/* Begin PBXSourcesBuildPhase section */
		3F671A88200A4E49001E5F0C /* Sources */ = {
			isa = PBXSourcesBuildPhase;
			buildActionMask = 2147483647;
			files = (
				3F671A92200A4E49001E5F0C /* ViewController.swift in Sources */,
				3F671A98200A4E49001E5F0C /* Test_Techinique.xcdatamodeld in Sources */,
				3F671A90200A4E49001E5F0C /* AppDelegate.swift in Sources */,
			);
			runOnlyForDeploymentPostprocessing = 0;
		};
		3F671A9F200A4E49001E5F0C /* Sources */ = {
			isa = PBXSourcesBuildPhase;
			buildActionMask = 2147483647;
			files = (
				3F671AA8200A4E49001E5F0C /* Test_TechiniqueTests.swift in Sources */,
			);
			runOnlyForDeploymentPostprocessing = 0;
		};
		3F671AAA200A4E49001E5F0C /* Sources */ = {
			isa = PBXSourcesBuildPhase;
			buildActionMask = 2147483647;
			files = (
				3F671AB3200A4E49001E5F0C /* Test_TechiniqueUITests.swift in Sources */,
			);
			runOnlyForDeploymentPostprocessing = 0;
		};
/* End PBXSourcesBuildPhase section */

/* Begin PBXTargetDependency section */
		3F671AA5200A4E49001E5F0C /* PBXTargetDependency */ = {
			isa = PBXTargetDependency;
			target = 3F671A8B200A4E49001E5F0C /* Test_Techinique */;
			targetProxy = 3F671AA4200A4E49001E5F0C /* PBXContainerItemProxy */;
		};
		3F671AB0200A4E49001E5F0C /* PBXTargetDependency */ = {
			isa = PBXTargetDependency;
			target = 3F671A8B200A4E49001E5F0C /* Test_Techinique */;
			targetProxy = 3F671AAF200A4E49001E5F0C /* PBXContainerItemProxy */;
		};
/* End PBXTargetDependency section */

/* Begin PBXVariantGroup section */
		3F671A93200A4E49001E5F0C /* Main.storyboard */ = {
			isa = PBXVariantGroup;
			children = (
				3F671A94200A4E49001E5F0C /* Base */,
			);
			name = Main.storyboard;
			sourceTree = "<group>";
		};
		3F671A9B200A4E49001E5F0C /* LaunchScreen.storyboard */ = {
			isa = PBXVariantGroup;
			children = (
				3F671A9C200A4E49001E5F0C /* Base */,
			);
			name = LaunchScreen.storyboard;
			sourceTree = "<group>";
		};
/* End PBXVariantGroup section */

/* Begin XCBuildConfiguration section */
		3F671AB5200A4E49001E5F0C /* Debug */ = {
			isa = XCBuildConfiguration;
			buildSettings = {
				ALWAYS_SEARCH_USER_PATHS = NO;
				CLANG_ANALYZER_NONNULL = YES;
				CLANG_ANALYZER_NUMBER_OBJECT_CONVERSION = YES_AGGRESSIVE;
				CLANG_CXX_LANGUAGE_STANDARD = "gnu++14";
				CLANG_CXX_LIBRARY = "libc++";
				CLANG_ENABLE_MODULES = YES;
				CLANG_ENABLE_OBJC_ARC = YES;
				CLANG_WARN_BLOCK_CAPTURE_AUTORELEASING = YES;
				CLANG_WARN_BOOL_CONVERSION = YES;
				CLANG_WARN_COMMA = YES;
				CLANG_WARN_CONSTANT_CONVERSION = YES;
				CLANG_WARN_DIRECT_OBJC_ISA_USAGE = YES_ERROR;
				CLANG_WARN_DOCUMENTATION_COMMENTS = YES;
				CLANG_WARN_EMPTY_BODY = YES;
				CLANG_WARN_ENUM_CONVERSION = YES;
				CLANG_WARN_INFINITE_RECURSION = YES;
				CLANG_WARN_INT_CONVERSION = YES;
				CLANG_WARN_NON_LITERAL_NULL_CONVERSION = YES;
				CLANG_WARN_OBJC_LITERAL_CONVERSION = YES;
				CLANG_WARN_OBJC_ROOT_CLASS = YES_ERROR;
				CLANG_WARN_RANGE_LOOP_ANALYSIS = YES;
				CLANG_WARN_STRICT_PROTOTYPES = YES;
				CLANG_WARN_SUSPICIOUS_MOVE = YES;
				CLANG_WARN_UNGUARDED_AVAILABILITY = YES_AGGRESSIVE;
				CLANG_WARN_UNREACHABLE_CODE = YES;
				CLANG_WARN__DUPLICATE_METHOD_MATCH = YES;
				CODE_SIGN_IDENTITY = "iPhone Developer";
				COPY_PHASE_STRIP = NO;
				DEBUG_INFORMATION_FORMAT = dwarf;
				ENABLE_STRICT_OBJC_MSGSEND = YES;
				ENABLE_TESTABILITY = YES;
				GCC_C_LANGUAGE_STANDARD = gnu11;
				GCC_DYNAMIC_NO_PIC = NO;
				GCC_NO_COMMON_BLOCKS = YES;
				GCC_OPTIMIZATION_LEVEL = 0;
				GCC_PREPROCESSOR_DEFINITIONS = (
					"DEBUG=1",
					"$(inherited)",
				);
				GCC_WARN_64_TO_32_BIT_CONVERSION = YES;
				GCC_WARN_ABOUT_RETURN_TYPE = YES_ERROR;
				GCC_WARN_UNDECLARED_SELECTOR = YES;
				GCC_WARN_UNINITIALIZED_AUTOS = YES_AGGRESSIVE;
				GCC_WARN_UNUSED_FUNCTION = YES;
				GCC_WARN_UNUSED_VARIABLE = YES;
				IPHONEOS_DEPLOYMENT_TARGET = 11.2;
				MTL_ENABLE_DEBUG_INFO = YES;
				ONLY_ACTIVE_ARCH = YES;
				SDKROOT = iphoneos;
				SWIFT_ACTIVE_COMPILATION_CONDITIONS = DEBUG;
				SWIFT_OPTIMIZATION_LEVEL = "-Onone";
			};
			name = Debug;
		};
		3F671AB6200A4E49001E5F0C /* Release */ = {
			isa = XCBuildConfiguration;
			buildSettings = {
				ALWAYS_SEARCH_USER_PATHS = NO;
				CLANG_ANALYZER_NONNULL = YES;
				CLANG_ANALYZER_NUMBER_OBJECT_CONVERSION = YES_AGGRESSIVE;
				CLANG_CXX_LANGUAGE_STANDARD = "gnu++14";
				CLANG_CXX_LIBRARY = "libc++";
				CLANG_ENABLE_MODULES = YES;
				CLANG_ENABLE_OBJC_ARC = YES;
				CLANG_WARN_BLOCK_CAPTURE_AUTORELEASING = YES;
				CLANG_WARN_BOOL_CONVERSION = YES;
				CLANG_WARN_COMMA = YES;
				CLANG_WARN_CONSTANT_CONVERSION = YES;
				CLANG_WARN_DIRECT_OBJC_ISA_USAGE = YES_ERROR;
				CLANG_WARN_DOCUMENTATION_COMMENTS = YES;
				CLANG_WARN_EMPTY_BODY = YES;
				CLANG_WARN_ENUM_CONVERSION = YES;
				CLANG_WARN_INFINITE_RECURSION = YES;
				CLANG_WARN_INT_CONVERSION = YES;
				CLANG_WARN_NON_LITERAL_NULL_CONVERSION = YES;
				CLANG_WARN_OBJC_LITERAL_CONVERSION = YES;
				CLANG_WARN_OBJC_ROOT_CLASS = YES_ERROR;
				CLANG_WARN_RANGE_LOOP_ANALYSIS = YES;
				CLANG_WARN_STRICT_PROTOTYPES = YES;
				CLANG_WARN_SUSPICIOUS_MOVE = YES;
				CLANG_WARN_UNGUARDED_AVAILABILITY = YES_AGGRESSIVE;
				CLANG_WARN_UNREACHABLE_CODE = YES;
				CLANG_WARN__DUPLICATE_METHOD_MATCH = YES;
				CODE_SIGN_IDENTITY = "iPhone Developer";
				COPY_PHASE_STRIP = NO;
				DEBUG_INFORMATION_FORMAT = "dwarf-with-dsym";
				ENABLE_NS_ASSERTIONS = NO;
				ENABLE_STRICT_OBJC_MSGSEND = YES;
				GCC_C_LANGUAGE_STANDARD = gnu11;
				GCC_NO_COMMON_BLOCKS = YES;
				GCC_WARN_64_TO_32_BIT_CONVERSION = YES;
				GCC_WARN_ABOUT_RETURN_TYPE = YES_ERROR;
				GCC_WARN_UNDECLARED_SELECTOR = YES;
				GCC_WARN_UNINITIALIZED_AUTOS = YES_AGGRESSIVE;
				GCC_WARN_UNUSED_FUNCTION = YES;
				GCC_WARN_UNUSED_VARIABLE = YES;
				IPHONEOS_DEPLOYMENT_TARGET = 11.2;
				MTL_ENABLE_DEBUG_INFO = NO;
				SDKROOT = iphoneos;
				SWIFT_OPTIMIZATION_LEVEL = "-Owholemodule";
				VALIDATE_PRODUCT = YES;
			};
			name = Release;
		};
		3F671AB8200A4E49001E5F0C /* Debug */ = {
			isa = XCBuildConfiguration;
			buildSettings = {
				ASSETCATALOG_COMPILER_APPICON_NAME = AppIcon;
				CODE_SIGN_STYLE = Automatic;
				DEVELOPMENT_TEAM = AZAF32L5F6;
				INFOPLIST_FILE = Test_Techinique/Info.plist;
				LD_RUNPATH_SEARCH_PATHS = "$(inherited) @executable_path/Frameworks";
				PRODUCT_BUNDLE_IDENTIFIER = "org.lucas.Test-Techinique";
				PRODUCT_NAME = "$(TARGET_NAME)";
				SWIFT_VERSION = 4.0;
				TARGETED_DEVICE_FAMILY = "1,2";
			};
			name = Debug;
		};
		3F671AB9200A4E49001E5F0C /* Release */ = {
			isa = XCBuildConfiguration;
			buildSettings = {
				ASSETCATALOG_COMPILER_APPICON_NAME = AppIcon;
				CODE_SIGN_STYLE = Automatic;
				DEVELOPMENT_TEAM = AZAF32L5F6;
				INFOPLIST_FILE = Test_Techinique/Info.plist;
				LD_RUNPATH_SEARCH_PATHS = "$(inherited) @executable_path/Frameworks";
				PRODUCT_BUNDLE_IDENTIFIER = "org.lucas.Test-Techinique";
				PRODUCT_NAME = "$(TARGET_NAME)";
				SWIFT_VERSION = 4.0;
				TARGETED_DEVICE_FAMILY = "1,2";
			};
			name = Release;
		};
		3F671ABB200A4E49001E5F0C /* Debug */ = {
			isa = XCBuildConfiguration;
			buildSettings = {
				ALWAYS_EMBED_SWIFT_STANDARD_LIBRARIES = YES;
				BUNDLE_LOADER = "$(TEST_HOST)";
				CODE_SIGN_STYLE = Automatic;
				DEVELOPMENT_TEAM = AZAF32L5F6;
				INFOPLIST_FILE = Test_TechiniqueTests/Info.plist;
				LD_RUNPATH_SEARCH_PATHS = "$(inherited) @executable_path/Frameworks @loader_path/Frameworks";
				PRODUCT_BUNDLE_IDENTIFIER = "org.lucas.Test-TechiniqueTests";
				PRODUCT_NAME = "$(TARGET_NAME)";
				SWIFT_VERSION = 4.0;
				TARGETED_DEVICE_FAMILY = "1,2";
				TEST_HOST = "$(BUILT_PRODUCTS_DIR)/Test_Techinique.app/Test_Techinique";
			};
			name = Debug;
		};
		3F671ABC200A4E49001E5F0C /* Release */ = {
			isa = XCBuildConfiguration;
			buildSettings = {
				ALWAYS_EMBED_SWIFT_STANDARD_LIBRARIES = YES;
				BUNDLE_LOADER = "$(TEST_HOST)";
				CODE_SIGN_STYLE = Automatic;
				DEVELOPMENT_TEAM = AZAF32L5F6;
				INFOPLIST_FILE = Test_TechiniqueTests/Info.plist;
				LD_RUNPATH_SEARCH_PATHS = "$(inherited) @executable_path/Frameworks @loader_path/Frameworks";
				PRODUCT_BUNDLE_IDENTIFIER = "org.lucas.Test-TechiniqueTests";
				PRODUCT_NAME = "$(TARGET_NAME)";
				SWIFT_VERSION = 4.0;
				TARGETED_DEVICE_FAMILY = "1,2";
				TEST_HOST = "$(BUILT_PRODUCTS_DIR)/Test_Techinique.app/Test_Techinique";
			};
			name = Release;
		};
		3F671ABE200A4E49001E5F0C /* Debug */ = {
			isa = XCBuildConfiguration;
			buildSettings = {
				ALWAYS_EMBED_SWIFT_STANDARD_LIBRARIES = YES;
				CODE_SIGN_STYLE = Automatic;
				DEVELOPMENT_TEAM = AZAF32L5F6;
				INFOPLIST_FILE = Test_TechiniqueUITests/Info.plist;
				LD_RUNPATH_SEARCH_PATHS = "$(inherited) @executable_path/Frameworks @loader_path/Frameworks";
				PRODUCT_BUNDLE_IDENTIFIER = "org.lucas.Test-TechiniqueUITests";
				PRODUCT_NAME = "$(TARGET_NAME)";
				SWIFT_VERSION = 4.0;
				TARGETED_DEVICE_FAMILY = "1,2";
				TEST_TARGET_NAME = Test_Techinique;
			};
			name = Debug;
		};
		3F671ABF200A4E49001E5F0C /* Release */ = {
			isa = XCBuildConfiguration;
			buildSettings = {
				ALWAYS_EMBED_SWIFT_STANDARD_LIBRARIES = YES;
				CODE_SIGN_STYLE = Automatic;
				DEVELOPMENT_TEAM = AZAF32L5F6;
				INFOPLIST_FILE = Test_TechiniqueUITests/Info.plist;
				LD_RUNPATH_SEARCH_PATHS = "$(inherited) @executable_path/Frameworks @loader_path/Frameworks";
				PRODUCT_BUNDLE_IDENTIFIER = "org.lucas.Test-TechiniqueUITests";
				PRODUCT_NAME = "$(TARGET_NAME)";
				SWIFT_VERSION = 4.0;
				TARGETED_DEVICE_FAMILY = "1,2";
				TEST_TARGET_NAME = Test_Techinique;
			};
			name = Release;
		};
/* End XCBuildConfiguration section */

/* Begin XCConfigurationList section */
		3F671A87200A4E49001E5F0C /* Build configuration list for PBXProject "Test_Techinique" */ = {
			isa = XCConfigurationList;
			buildConfigurations = (
				3F671AB5200A4E49001E5F0C /* Debug */,
				3F671AB6200A4E49001E5F0C /* Release */,
			);
			defaultConfigurationIsVisible = 0;
			defaultConfigurationName = Release;
		};
		3F671AB7200A4E49001E5F0C /* Build configuration list for PBXNativeTarget "Test_Techinique" */ = {
			isa = XCConfigurationList;
			buildConfigurations = (
				3F671AB8200A4E49001E5F0C /* Debug */,
				3F671AB9200A4E49001E5F0C /* Release */,
			);
			defaultConfigurationIsVisible = 0;
			defaultConfigurationName = Release;
		};
		3F671ABA200A4E49001E5F0C /* Build configuration list for PBXNativeTarget "Test_TechiniqueTests" */ = {
			isa = XCConfigurationList;
			buildConfigurations = (
				3F671ABB200A4E49001E5F0C /* Debug */,
				3F671ABC200A4E49001E5F0C /* Release */,
			);
			defaultConfigurationIsVisible = 0;
			defaultConfigurationName = Release;
		};
		3F671ABD200A4E49001E5F0C /* Build configuration list for PBXNativeTarget "Test_TechiniqueUITests" */ = {
			isa = XCConfigurationList;
			buildConfigurations = (
				3F671ABE200A4E49001E5F0C /* Debug */,
				3F671ABF200A4E49001E5F0C /* Release */,
			);
			defaultConfigurationIsVisible = 0;
			defaultConfigurationName = Release;
		};
/* End XCConfigurationList section */

/* Begin XCVersionGroup section */
		3F671A96200A4E49001E5F0C /* Test_Techinique.xcdatamodeld */ = {
			isa = XCVersionGroup;
			children = (
				3F671A97200A4E49001E5F0C /* Test_Techinique.xcdatamodel */,
			);
			currentVersion = 3F671A97200A4E49001E5F0C /* Test_Techinique.xcdatamodel */;
			path = Test_Techinique.xcdatamodeld;
			sourceTree = "<group>";
			versionGroupType = wrapper.xcdatamodel;
		};
/* End XCVersionGroup section */
	};
	rootObject = 3F671A84200A4E49001E5F0C /* Project object */;
}
